// !$*UTF8*$!
{
	archiveVersion = 1;
	classes = {
	};
	objectVersion = 46;
	objects = {

/* Begin PBXBuildFile section */
		C51909B81BCBB27D0061CE6F /* AppDelegate.swift in Sources */ = {isa = PBXBuildFile; fileRef = C51909B71BCBB27D0061CE6F /* AppDelegate.swift */; };
		C51909BA1BCBB27D0061CE6F /* MasterViewController.swift in Sources */ = {isa = PBXBuildFile; fileRef = C51909B91BCBB27D0061CE6F /* MasterViewController.swift */; };
		C51909BC1BCBB27D0061CE6F /* DetailViewController.swift in Sources */ = {isa = PBXBuildFile; fileRef = C51909BB1BCBB27D0061CE6F /* DetailViewController.swift */; };
		C51909BF1BCBB27D0061CE6F /* Main.storyboard in Resources */ = {isa = PBXBuildFile; fileRef = C51909BD1BCBB27D0061CE6F /* Main.storyboard */; };
		C51909C11BCBB27D0061CE6F /* Assets.xcassets in Resources */ = {isa = PBXBuildFile; fileRef = C51909C01BCBB27D0061CE6F /* Assets.xcassets */; };
		C51909C41BCBB27D0061CE6F /* LaunchScreen.storyboard in Resources */ = {isa = PBXBuildFile; fileRef = C51909C21BCBB27D0061CE6F /* LaunchScreen.storyboard */; };
/* End PBXBuildFile section */

/* Begin PBXFileReference section */
		C51909B41BCBB27D0061CE6F /* Walss.app */ = {isa = PBXFileReference; explicitFileType = wrapper.application; includeInIndex = 0; path = Walss.app; sourceTree = BUILT_PRODUCTS_DIR; };
		C51909B71BCBB27D0061CE6F /* AppDelegate.swift */ = {isa = PBXFileReference; lastKnownFileType = sourcecode.swift; path = AppDelegate.swift; sourceTree = "<group>"; };
		C51909B91BCBB27D0061CE6F /* MasterViewController.swift */ = {isa = PBXFileReference; lastKnownFileType = sourcecode.swift; path = MasterViewController.swift; sourceTree = "<group>"; };
		C51909BB1BCBB27D0061CE6F /* DetailViewController.swift */ = {isa = PBXFileReference; lastKnownFileType = sourcecode.swift; path = DetailViewController.swift; sourceTree = "<group>"; };
		C51909BE1BCBB27D0061CE6F /* Base */ = {isa = PBXFileReference; lastKnownFileType = file.storyboard; name = Base; path = Base.lproj/Main.storyboard; sourceTree = "<group>"; };
		C51909C01BCBB27D0061CE6F /* Assets.xcassets */ = {isa = PBXFileReference; lastKnownFileType = folder.assetcatalog; path = Assets.xcassets; sourceTree = "<group>"; };
		C51909C31BCBB27D0061CE6F /* Base */ = {isa = PBXFileReference; lastKnownFileType = file.storyboard; name = Base; path = Base.lproj/LaunchScreen.storyboard; sourceTree = "<group>"; };
		C51909C51BCBB27D0061CE6F /* Info.plist */ = {isa = PBXFileReference; lastKnownFileType = text.plist.xml; path = Info.plist; sourceTree = "<group>"; };
/* End PBXFileReference section */

/* Begin PBXFrameworksBuildPhase section */
		C51909B11BCBB27D0061CE6F /* Frameworks */ = {
			isa = PBXFrameworksBuildPhase;
			buildActionMask = 2147483647;
			files = (
			);
			runOnlyForDeploymentPostprocessing = 0;
		};
/* End PBXFrameworksBuildPhase section */

/* Begin PBXGroup section */
		C51909AB1BCBB27D0061CE6F = {
			isa = PBXGroup;
			children = (
				C51909B61BCBB27D0061CE6F /* Walss */,
				C51909B51BCBB27D0061CE6F /* Products */,
			);
			sourceTree = "<group>";
		};
		C51909B51BCBB27D0061CE6F /* Products */ = {
			isa = PBXGroup;
			children = (
				C51909B41BCBB27D0061CE6F /* Walss.app */,
			);
			name = Products;
			sourceTree = "<group>";
		};
		C51909B61BCBB27D0061CE6F /* Walss */ = {
			isa = PBXGroup;
			children = (
				C51909B71BCBB27D0061CE6F /* AppDelegate.swift */,
				C51909B91BCBB27D0061CE6F /* MasterViewController.swift */,
				C51909BB1BCBB27D0061CE6F /* DetailViewController.swift */,
				C51909BD1BCBB27D0061CE6F /* Main.storyboard */,
				C51909C01BCBB27D0061CE6F /* Assets.xcassets */,
				C51909C21BCBB27D0061CE6F /* LaunchScreen.storyboard */,
				C51909C51BCBB27D0061CE6F /* Info.plist */,
			);
			path = Walss;
			sourceTree = "<group>";
		};
/* End PBXGroup section */

/* Begin PBXNativeTarget section */
		C51909B31BCBB27D0061CE6F /* Walss */ = {
			isa = PBXNativeTarget;
			buildConfigurationList = C51909C81BCBB27D0061CE6F /* Build configuration list for PBXNativeTarget "Walss" */;
			buildPhases = (
				C51909B01BCBB27D0061CE6F /* Sources */,
				C51909B11BCBB27D0061CE6F /* Frameworks */,
				C51909B21BCBB27D0061CE6F /* Resources */,
			);
			buildRules = (
			);
			dependencies = (
			);
			name = Walss;
			productName = Walss;
			productReference = C51909B41BCBB27D0061CE6F /* Walss.app */;
			productType = "com.apple.product-type.application";
		};
/* End PBXNativeTarget section */

/* Begin PBXProject section */
		C51909AC1BCBB27D0061CE6F /* Project object */ = {
			isa = PBXProject;
			attributes = {
				LastUpgradeCheck = 0700;
				ORGANIZATIONNAME = "Inès MARTIN";
				TargetAttributes = {
					C51909B31BCBB27D0061CE6F = {
						CreatedOnToolsVersion = 7.0;
					};
				};
			};
			buildConfigurationList = C51909AF1BCBB27D0061CE6F /* Build configuration list for PBXProject "Walss" */;
			compatibilityVersion = "Xcode 3.2";
			developmentRegion = English;
			hasScannedForEncodings = 0;
			knownRegions = (
				en,
				Base,
			);
			mainGroup = C51909AB1BCBB27D0061CE6F;
			productRefGroup = C51909B51BCBB27D0061CE6F /* Products */;
			projectDirPath = "";
			projectRoot = "";
			targets = (
				C51909B31BCBB27D0061CE6F /* Walss */,
			);
		};
/* End PBXProject section */

/* Begin PBXResourcesBuildPhase section */
		C51909B21BCBB27D0061CE6F /* Resources */ = {
			isa = PBXResourcesBuildPhase;
			buildActionMask = 2147483647;
			files = (
				C51909C41BCBB27D0061CE6F /* LaunchScreen.storyboard in Resources */,
				C51909C11BCBB27D0061CE6F /* Assets.xcassets in Resources */,
				C51909BF1BCBB27D0061CE6F /* Main.storyboard in Resources */,
			);
			runOnlyForDeploymentPostprocessing = 0;
		};
/* End PBXResourcesBuildPhase section */

/* Begin PBXSourcesBuildPhase section */
		C51909B01BCBB27D0061CE6F /* Sources */ = {
			isa = PBXSourcesBuildPhase;
			buildActionMask = 2147483647;
			files = (
				C51909BC1BCBB27D0061CE6F /* DetailViewController.swift in Sources */,
				C51909BA1BCBB27D0061CE6F /* MasterViewController.swift in Sources */,
				C51909B81BCBB27D0061CE6F /* AppDelegate.swift in Sources */,
			);
			runOnlyForDeploymentPostprocessing = 0;
		};
/* End PBXSourcesBuildPhase section */

/* Begin PBXVariantGroup section */
		C51909BD1BCBB27D0061CE6F /* Main.storyboard */ = {
			isa = PBXVariantGroup;
			children = (
				C51909BE1BCBB27D0061CE6F /* Base */,
			);
			name = Main.storyboard;
			sourceTree = "<group>";
		};
		C51909C21BCBB27D0061CE6F /* LaunchScreen.storyboard */ = {
			isa = PBXVariantGroup;
			children = (
				C51909C31BCBB27D0061CE6F /* Base */,
			);
			name = LaunchScreen.storyboard;
			sourceTree = "<group>";
		};
/* End PBXVariantGroup section */

/* Begin XCBuildConfiguration section */
		C51909C61BCBB27D0061CE6F /* Debug */ = {
			isa = XCBuildConfiguration;
			buildSettings = {
				ALWAYS_SEARCH_USER_PATHS = NO;
				CLANG_CXX_LANGUAGE_STANDARD = "gnu++0x";
				CLANG_CXX_LIBRARY = "libc++";
				CLANG_ENABLE_MODULES = YES;
				CLANG_ENABLE_OBJC_ARC = YES;
				CLANG_WARN_BOOL_CONVERSION = YES;
				CLANG_WARN_CONSTANT_CONVERSION = YES;
				CLANG_WARN_DIRECT_OBJC_ISA_USAGE = YES_ERROR;
				CLANG_WARN_EMPTY_BODY = YES;
				CLANG_WARN_ENUM_CONVERSION = YES;
				CLANG_WARN_INT_CONVERSION = YES;
				CLANG_WARN_OBJC_ROOT_CLASS = YES_ERROR;
				CLANG_WARN_UNREACHABLE_CODE = YES;
				CLANG_WARN__DUPLICATE_METHOD_MATCH = YES;
				"CODE_SIGN_IDENTITY[sdk=iphoneos*]" = "iPhone Developer";
				COPY_PHASE_STRIP = NO;
				DEBUG_INFORMATION_FORMAT = dwarf;
				ENABLE_STRICT_OBJC_MSGSEND = YES;
				ENABLE_TESTABILITY = YES;
				GCC_C_LANGUAGE_STANDARD = gnu99;
				GCC_DYNAMIC_NO_PIC = NO;
				GCC_NO_COMMON_BLOCKS = YES;
				GCC_OPTIMIZATION_LEVEL = 0;
				GCC_PREPROCESSOR_DEFINITIONS = (
					"DEBUG=1",
					"$(inherited)",
				);
				GCC_WARN_64_TO_32_BIT_CONVERSION = YES;
				GCC_WARN_ABOUT_RETURN_TYPE = YES_ERROR;
				GCC_WARN_UNDECLARED_SELECTOR = YES;
				GCC_WARN_UNINITIALIZED_AUTOS = YES_AGGRESSIVE;
				GCC_WARN_UNUSED_FUNCTION = YES;
				GCC_WARN_UNUSED_VARIABLE = YES;
				IPHONEOS_DEPLOYMENT_TARGET = 9.0;
				MTL_ENABLE_DEBUG_INFO = YES;
				ONLY_ACTIVE_ARCH = YES;
				SDKROOT = iphoneos;
				SWIFT_OPTIMIZATION_LEVEL = "-Onone";
				TARGETED_DEVICE_FAMILY = "1,2";
			};
			name = Debug;
		};
		C51909C71BCBB27D0061CE6F /* Release */ = {
			isa = XCBuildConfiguration;
			buildSettings = {
				ALWAYS_SEARCH_USER_PATHS = NO;
				CLANG_CXX_LANGUAGE_STANDARD = "gnu++0x";
				CLANG_CXX_LIBRARY = "libc++";
				CLANG_ENABLE_MODULES = YES;
				CLANG_ENABLE_OBJC_ARC = YES;
				CLANG_WARN_BOOL_CONVERSION = YES;
				CLANG_WARN_CONSTANT_CONVERSION = YES;
				CLANG_WARN_DIRECT_OBJC_ISA_USAGE = YES_ERROR;
				CLANG_WARN_EMPTY_BODY = YES;
				CLANG_WARN_ENUM_CONVERSION = YES;
				CLANG_WARN_INT_CONVERSION = YES;
				CLANG_WARN_OBJC_ROOT_CLASS = YES_ERROR;
				CLANG_WARN_UNREACHABLE_CODE = YES;
				CLANG_WARN__DUPLICATE_METHOD_MATCH = YES;
				"CODE_SIGN_IDENTITY[sdk=iphoneos*]" = "iPhone Developer";
				COPY_PHASE_STRIP = NO;
				DEBUG_INFORMATION_FORMAT = "dwarf-with-dsym";
				ENABLE_NS_ASSERTIONS = NO;
				ENABLE_STRICT_OBJC_MSGSEND = YES;
				GCC_C_LANGUAGE_STANDARD = gnu99;
				GCC_NO_COMMON_BLOCKS = YES;
				GCC_WARN_64_TO_32_BIT_CONVERSION = YES;
				GCC_WARN_ABOUT_RETURN_TYPE = YES_ERROR;
				GCC_WARN_UNDECLARED_SELECTOR = YES;
				GCC_WARN_UNINITIALIZED_AUTOS = YES_AGGRESSIVE;
				GCC_WARN_UNUSED_FUNCTION = YES;
				GCC_WARN_UNUSED_VARIABLE = YES;
				IPHONEOS_DEPLOYMENT_TARGET = 9.0;
				MTL_ENABLE_DEBUG_INFO = NO;
				SDKROOT = iphoneos;
				TARGETED_DEVICE_FAMILY = "1,2";
				VALIDATE_PRODUCT = YES;
			};
			name = Release;
		};
		C51909C91BCBB27D0061CE6F /* Debug */ = {
			isa = XCBuildConfiguration;
			buildSettings = {
				ASSETCATALOG_COMPILER_APPICON_NAME = AppIcon;
				INFOPLIST_FILE = Walss/Info.plist;
				LD_RUNPATH_SEARCH_PATHS = "$(inherited) @executable_path/Frameworks";
				PRODUCT_BUNDLE_IDENTIFIER = com.epsilol.walls.Walss;
				PRODUCT_NAME = "$(TARGET_NAME)";
			};
			name = Debug;
		};
		C51909CA1BCBB27D0061CE6F /* Release */ = {
			isa = XCBuildConfiguration;
			buildSettings = {
				ASSETCATALOG_COMPILER_APPICON_NAME = AppIcon;
				INFOPLIST_FILE = Walss/Info.plist;
				LD_RUNPATH_SEARCH_PATHS = "$(inherited) @executable_path/Frameworks";
				PRODUCT_BUNDLE_IDENTIFIER = com.epsilol.walls.Walss;
				PRODUCT_NAME = "$(TARGET_NAME)";
			};
			name = Release;
		};
/* End XCBuildConfiguration section */

/* Begin XCConfigurationList section */
		C51909AF1BCBB27D0061CE6F /* Build configuration list for PBXProject "Walss" */ = {
			isa = XCConfigurationList;
			buildConfigurations = (
				C51909C61BCBB27D0061CE6F /* Debug */,
				C51909C71BCBB27D0061CE6F /* Release */,
			);
			defaultConfigurationIsVisible = 0;
			defaultConfigurationName = Release;
		};
		C51909C81BCBB27D0061CE6F /* Build configuration list for PBXNativeTarget "Walss" */ = {
			isa = XCConfigurationList;
			buildConfigurations = (
				C51909C91BCBB27D0061CE6F /* Debug */,
				C51909CA1BCBB27D0061CE6F /* Release */,
			);
			defaultConfigurationIsVisible = 0;
		};
/* End XCConfigurationList section */
	};
	rootObject = C51909AC1BCBB27D0061CE6F /* Project object */;
}
